
Microsoft Visual Studio Solution File, Format Version 12.00
# Visual Studio Version 17
VisualStudioVersion = 17.1.32210.238
MinimumVisualStudioVersion = 10.0.40219.1
Project("{FAE04EC0-301F-11D3-BF4B-00C04F79EFBC}") = "RssReader", "RssReader\RssReader.csproj", "{2FC96D3E-9728-4685-8EE6-1BE3E4FD648C}"
EndProject
Global
	GlobalSection(SolutionConfigurationPlatforms) = preSolution
		Debug|Any CPU = Debug|Any CPU
		Release|Any CPU = Release|Any CPU
	EndGlobalSection
	GlobalSection(ProjectConfigurationPlatforms) = postSolution
		{2FC96D3E-9728-4685-8EE6-1BE3E4FD648C}.Debug|Any CPU.ActiveCfg = Debug|Any CPU
		{2FC96D3E-9728-4685-8EE6-1BE3E4FD648C}.Debug|Any CPU.Build.0 = Debug|Any CPU
		{2FC96D3E-9728-4685-8EE6-1BE3E4FD648C}.Release|Any CPU.ActiveCfg = Release|Any CPU
		{2FC96D3E-9728-4685-8EE6-1BE3E4FD648C}.Release|Any CPU.Build.0 = Release|Any CPU
	EndGlobalSection
	GlobalSection(SolutionProperties) = preSolution
		HideSolutionNode = FALSE
	EndGlobalSection
	GlobalSection(ExtensibilityGlobals) = postSolution
		SolutionGuid = {32F54B65-C48D-4071-A7F9-B86525436103}
	EndGlobalSection
EndGlobal
